
Microsoft Visual Studio Solution File, Format Version 12.00
# Visual Studio Version 17
VisualStudioVersion = 17.14.36616.10 d17.14
MinimumVisualStudioVersion = 10.0.40219.1
Project("{FAE04EC0-301F-11D3-BF4B-00C04F79EFBC}") = "ITSystem", "ITSystem.csproj", "{36DCFDE5-1CFF-4BA8-9BCE-69AA6349E41C}"
EndProject
Global
	GlobalSection(SolutionConfigurationPlatforms) = preSolution
		Debug|Any CPU = Debug|Any CPU
		Release|Any CPU = Release|Any CPU
	EndGlobalSection
	GlobalSection(ProjectConfigurationPlatforms) = postSolution
		{36DCFDE5-1CFF-4BA8-9BCE-69AA6349E41C}.Debug|Any CPU.ActiveCfg = Debug|Any CPU
		{36DCFDE5-1CFF-4BA8-9BCE-69AA6349E41C}.Debug|Any CPU.Build.0 = Debug|Any CPU
		{36DCFDE5-1CFF-4BA8-9BCE-69AA6349E41C}.Release|Any CPU.ActiveCfg = Release|Any CPU
		{36DCFDE5-1CFF-4BA8-9BCE-69AA6349E41C}.Release|Any CPU.Build.0 = Release|Any CPU
	EndGlobalSection
	GlobalSection(SolutionProperties) = preSolution
		HideSolutionNode = FALSE
	EndGlobalSection
	GlobalSection(ExtensibilityGlobals) = postSolution
		SolutionGuid = {486AF9D0-A809-4E11-B309-E3EA594B40F6}
	EndGlobalSection
EndGlobal
